// !$*UTF8*$!
{
	archiveVersion = 1;
	classes = {
	};
	objectVersion = 50;
	objects = {

/* Begin PBXBuildFile section */
		53D1CDF023BAEF0900D649DC /* Assets.xcassets in Resources */ = {isa = PBXBuildFile; fileRef = 53D1CDEF23BAEF0900D649DC /* Assets.xcassets */; };
		53D1CDF323BAEF0900D649DC /* LaunchScreen.storyboard in Resources */ = {isa = PBXBuildFile; fileRef = 53D1CDF123BAEF0900D649DC /* LaunchScreen.storyboard */; };
		53D1CDF623BAEF0900D649DC /* main.m in Sources */ = {isa = PBXBuildFile; fileRef = 53D1CDF523BAEF0900D649DC /* main.m */; };
		53D1CE0A23BAEF3900D649DC /* DDOCScrollPageManager.m in Sources */ = {isa = PBXBuildFile; fileRef = 53D1CDFD23BAEF3800D649DC /* DDOCScrollPageManager.m */; };
		53D1CE0B23BAEF3900D649DC /* DDOCScrollPageContainerCell.m in Sources */ = {isa = PBXBuildFile; fileRef = 53D1CDFE23BAEF3800D649DC /* DDOCScrollPageContainerCell.m */; };
		53D1CE0C23BAEF3900D649DC /* NSObject+DDOCScrollPageSafeObserverObject.m in Sources */ = {isa = PBXBuildFile; fileRef = 53D1CDFF23BAEF3800D649DC /* NSObject+DDOCScrollPageSafeObserverObject.m */; };
		53D1CE0D23BAEF3900D649DC /* DDOCScrollPageView.m in Sources */ = {isa = PBXBuildFile; fileRef = 53D1CE0423BAEF3900D649DC /* DDOCScrollPageView.m */; };
		53D1CE0E23BAEF3900D649DC /* DDOCScrollPageContainerViewController.m in Sources */ = {isa = PBXBuildFile; fileRef = 53D1CE0623BAEF3900D649DC /* DDOCScrollPageContainerViewController.m */; };
		53D1CE0F23BAEF3900D649DC /* DDOCScrollPageBarView.m in Sources */ = {isa = PBXBuildFile; fileRef = 53D1CE0923BAEF3900D649DC /* DDOCScrollPageBarView.m */; };
		53D1CE5D23BAF2C400D649DC /* ViewController2.m in Sources */ = {isa = PBXBuildFile; fileRef = 53D1CE5123BAF2C300D649DC /* ViewController2.m */; };
		53D1CE5E23BAF2C400D649DC /* AppDelegate.m in Sources */ = {isa = PBXBuildFile; fileRef = 53D1CE5323BAF2C300D649DC /* AppDelegate.m */; };
		53D1CE5F23BAF2C400D649DC /* TestViewController1.m in Sources */ = {isa = PBXBuildFile; fileRef = 53D1CE5423BAF2C300D649DC /* TestViewController1.m */; };
		53D1CE6023BAF2C400D649DC /* ViewController.m in Sources */ = {isa = PBXBuildFile; fileRef = 53D1CE5523BAF2C300D649DC /* ViewController.m */; };
		53D1CE6123BAF2C400D649DC /* TestViewController2.m in Sources */ = {isa = PBXBuildFile; fileRef = 53D1CE5623BAF2C300D649DC /* TestViewController2.m */; };
		53D1CE6223BAF2C400D649DC /* TestViewController3.m in Sources */ = {isa = PBXBuildFile; fileRef = 53D1CE5723BAF2C300D649DC /* TestViewController3.m */; };
		53D1CE6323BAF2C400D649DC /* ViewController4.m in Sources */ = {isa = PBXBuildFile; fileRef = 53D1CE5923BAF2C300D649DC /* ViewController4.m */; };
		53D1CE6423BAF2C400D649DC /* ViewController3.m in Sources */ = {isa = PBXBuildFile; fileRef = 53D1CE5A23BAF2C300D649DC /* ViewController3.m */; };
		53D1CE6723BAF3A200D649DC /* Main.storyboard in Resources */ = {isa = PBXBuildFile; fileRef = 53D1CE6523BAF3A100D649DC /* Main.storyboard */; };
		91956097FE61AFAFEC84C498 /* libPods-DDOCScrollPageViewDemo.a in Frameworks */ = {isa = PBXBuildFile; fileRef = 25083E84A14440A026BCA074 /* libPods-DDOCScrollPageViewDemo.a */; };
/* End PBXBuildFile section */

/* Begin PBXFileReference section */
		09E5F3E3E53897345F75B026 /* Pods-DDOCScrollPageViewDemo.debug.xcconfig */ = {isa = PBXFileReference; includeInIndex = 1; lastKnownFileType = text.xcconfig; name = "Pods-DDOCScrollPageViewDemo.debug.xcconfig"; path = "Target Support Files/Pods-DDOCScrollPageViewDemo/Pods-DDOCScrollPageViewDemo.debug.xcconfig"; sourceTree = "<group>"; };
		25083E84A14440A026BCA074 /* libPods-DDOCScrollPageViewDemo.a */ = {isa = PBXFileReference; explicitFileType = archive.ar; includeInIndex = 0; path = "libPods-DDOCScrollPageViewDemo.a"; sourceTree = BUILT_PRODUCTS_DIR; };
		53D1CDE323BAEF0200D649DC /* DDOCScrollPageViewDemo.app */ = {isa = PBXFileReference; explicitFileType = wrapper.application; includeInIndex = 0; path = DDOCScrollPageViewDemo.app; sourceTree = BUILT_PRODUCTS_DIR; };
		53D1CDEF23BAEF0900D649DC /* Assets.xcassets */ = {isa = PBXFileReference; lastKnownFileType = folder.assetcatalog; path = Assets.xcassets; sourceTree = "<group>"; };
		53D1CDF223BAEF0900D649DC /* Base */ = {isa = PBXFileReference; lastKnownFileType = file.storyboard; name = Base; path = Base.lproj/LaunchScreen.storyboard; sourceTree = "<group>"; };
		53D1CDF423BAEF0900D649DC /* Info.plist */ = {isa = PBXFileReference; lastKnownFileType = text.plist.xml; path = Info.plist; sourceTree = "<group>"; };
		53D1CDF523BAEF0900D649DC /* main.m */ = {isa = PBXFileReference; lastKnownFileType = sourcecode.c.objc; path = main.m; sourceTree = "<group>"; };
		53D1CDFD23BAEF3800D649DC /* DDOCScrollPageManager.m */ = {isa = PBXFileReference; fileEncoding = 4; lastKnownFileType = sourcecode.c.objc; path = DDOCScrollPageManager.m; sourceTree = "<group>"; };
		53D1CDFE23BAEF3800D649DC /* DDOCScrollPageContainerCell.m */ = {isa = PBXFileReference; fileEncoding = 4; lastKnownFileType = sourcecode.c.objc; path = DDOCScrollPageContainerCell.m; sourceTree = "<group>"; };
		53D1CDFF23BAEF3800D649DC /* NSObject+DDOCScrollPageSafeObserverObject.m */ = {isa = PBXFileReference; fileEncoding = 4; lastKnownFileType = sourcecode.c.objc; path = "NSObject+DDOCScrollPageSafeObserverObject.m"; sourceTree = "<group>"; };
		53D1CE0023BAEF3800D649DC /* NSObject+DDOCScrollPageSafeObserverObject.h */ = {isa = PBXFileReference; fileEncoding = 4; lastKnownFileType = sourcecode.c.h; path = "NSObject+DDOCScrollPageSafeObserverObject.h"; sourceTree = "<group>"; };
		53D1CE0123BAEF3900D649DC /* DDOCScrollPageContainerCell.h */ = {isa = PBXFileReference; fileEncoding = 4; lastKnownFileType = sourcecode.c.h; path = DDOCScrollPageContainerCell.h; sourceTree = "<group>"; };
		53D1CE0223BAEF3900D649DC /* DDOCScrollPageBarView.h */ = {isa = PBXFileReference; fileEncoding = 4; lastKnownFileType = sourcecode.c.h; path = DDOCScrollPageBarView.h; sourceTree = "<group>"; };
		53D1CE0323BAEF3900D649DC /* DDOCScrollPageManager.h */ = {isa = PBXFileReference; fileEncoding = 4; lastKnownFileType = sourcecode.c.h; path = DDOCScrollPageManager.h; sourceTree = "<group>"; };
		53D1CE0423BAEF3900D649DC /* DDOCScrollPageView.m */ = {isa = PBXFileReference; fileEncoding = 4; lastKnownFileType = sourcecode.c.objc; path = DDOCScrollPageView.m; sourceTree = "<group>"; };
		53D1CE0523BAEF3900D649DC /* DDOCScrollPageView.h */ = {isa = PBXFileReference; fileEncoding = 4; lastKnownFileType = sourcecode.c.h; path = DDOCScrollPageView.h; sourceTree = "<group>"; };
		53D1CE0623BAEF3900D649DC /* DDOCScrollPageContainerViewController.m */ = {isa = PBXFileReference; fileEncoding = 4; lastKnownFileType = sourcecode.c.objc; path = DDOCScrollPageContainerViewController.m; sourceTree = "<group>"; };
		53D1CE0723BAEF3900D649DC /* DDOCScrollPageHeader.h */ = {isa = PBXFileReference; fileEncoding = 4; lastKnownFileType = sourcecode.c.h; path = DDOCScrollPageHeader.h; sourceTree = "<group>"; };
		53D1CE0823BAEF3900D649DC /* DDOCScrollPageContainerViewController.h */ = {isa = PBXFileReference; fileEncoding = 4; lastKnownFileType = sourcecode.c.h; path = DDOCScrollPageContainerViewController.h; sourceTree = "<group>"; };
		53D1CE0923BAEF3900D649DC /* DDOCScrollPageBarView.m */ = {isa = PBXFileReference; fileEncoding = 4; lastKnownFileType = sourcecode.c.objc; path = DDOCScrollPageBarView.m; sourceTree = "<group>"; };
		53D1CE4D23BAF2C300D649DC /* TestViewController1.h */ = {isa = PBXFileReference; fileEncoding = 4; lastKnownFileType = sourcecode.c.h; path = TestViewController1.h; sourceTree = "<group>"; };
		53D1CE4E23BAF2C300D649DC /* AppDelegate.h */ = {isa = PBXFileReference; fileEncoding = 4; lastKnownFileType = sourcecode.c.h; name = AppDelegate.h; path = ../../DDScrollPageView/DDScrollPageViewDemo/AppDelegate.h; sourceTree = "<group>"; };
		53D1CE4F23BAF2C300D649DC /* TestViewController2.h */ = {isa = PBXFileReference; fileEncoding = 4; lastKnownFileType = sourcecode.c.h; path = TestViewController2.h; sourceTree = "<group>"; };
		53D1CE5023BAF2C300D649DC /* ViewController4.h */ = {isa = PBXFileReference; fileEncoding = 4; lastKnownFileType = sourcecode.c.h; path = ViewController4.h; sourceTree = "<group>"; };
		53D1CE5123BAF2C300D649DC /* ViewController2.m */ = {isa = PBXFileReference; fileEncoding = 4; lastKnownFileType = sourcecode.c.objc; path = ViewController2.m; sourceTree = "<group>"; };
		53D1CE5223BAF2C300D649DC /* ViewController.h */ = {isa = PBXFileReference; fileEncoding = 4; lastKnownFileType = sourcecode.c.h; name = ViewController.h; path = ../../DDScrollPageView/DDScrollPageViewDemo/ViewController.h; sourceTree = "<group>"; };
		53D1CE5323BAF2C300D649DC /* AppDelegate.m */ = {isa = PBXFileReference; fileEncoding = 4; lastKnownFileType = sourcecode.c.objc; name = AppDelegate.m; path = ../../DDScrollPageView/DDScrollPageViewDemo/AppDelegate.m; sourceTree = "<group>"; };
		53D1CE5423BAF2C300D649DC /* TestViewController1.m */ = {isa = PBXFileReference; fileEncoding = 4; lastKnownFileType = sourcecode.c.objc; path = TestViewController1.m; sourceTree = "<group>"; };
		53D1CE5523BAF2C300D649DC /* ViewController.m */ = {isa = PBXFileReference; fileEncoding = 4; lastKnownFileType = sourcecode.c.objc; name = ViewController.m; path = ../../DDScrollPageView/DDScrollPageViewDemo/ViewController.m; sourceTree = "<group>"; };
		53D1CE5623BAF2C300D649DC /* TestViewController2.m */ = {isa = PBXFileReference; fileEncoding = 4; lastKnownFileType = sourcecode.c.objc; path = TestViewController2.m; sourceTree = "<group>"; };
		53D1CE5723BAF2C300D649DC /* TestViewController3.m */ = {isa = PBXFileReference; fileEncoding = 4; lastKnownFileType = sourcecode.c.objc; path = TestViewController3.m; sourceTree = "<group>"; };
		53D1CE5823BAF2C300D649DC /* ViewController3.h */ = {isa = PBXFileReference; fileEncoding = 4; lastKnownFileType = sourcecode.c.h; path = ViewController3.h; sourceTree = "<group>"; };
		53D1CE5923BAF2C300D649DC /* ViewController4.m */ = {isa = PBXFileReference; fileEncoding = 4; lastKnownFileType = sourcecode.c.objc; path = ViewController4.m; sourceTree = "<group>"; };
		53D1CE5A23BAF2C300D649DC /* ViewController3.m */ = {isa = PBXFileReference; fileEncoding = 4; lastKnownFileType = sourcecode.c.objc; path = ViewController3.m; sourceTree = "<group>"; };
		53D1CE5B23BAF2C300D649DC /* TestViewController3.h */ = {isa = PBXFileReference; fileEncoding = 4; lastKnownFileType = sourcecode.c.h; path = TestViewController3.h; sourceTree = "<group>"; };
		53D1CE5C23BAF2C400D649DC /* ViewController2.h */ = {isa = PBXFileReference; fileEncoding = 4; lastKnownFileType = sourcecode.c.h; path = ViewController2.h; sourceTree = "<group>"; };
		53D1CE6623BAF3A200D649DC /* Base */ = {isa = PBXFileReference; lastKnownFileType = file.storyboard; name = Base; path = Base.lproj/Main.storyboard; sourceTree = "<group>"; };
		C163004C71D0DF596018642C /* Pods-DDOCScrollPageViewDemo.release.xcconfig */ = {isa = PBXFileReference; includeInIndex = 1; lastKnownFileType = text.xcconfig; name = "Pods-DDOCScrollPageViewDemo.release.xcconfig"; path = "Target Support Files/Pods-DDOCScrollPageViewDemo/Pods-DDOCScrollPageViewDemo.release.xcconfig"; sourceTree = "<group>"; };
/* End PBXFileReference section */

/* Begin PBXFrameworksBuildPhase section */
		53D1CDE023BAEF0200D649DC /* Frameworks */ = {
			isa = PBXFrameworksBuildPhase;
			buildActionMask = 2147483647;
			files = (
				91956097FE61AFAFEC84C498 /* libPods-DDOCScrollPageViewDemo.a in Frameworks */,
			);
			runOnlyForDeploymentPostprocessing = 0;
		};
/* End PBXFrameworksBuildPhase section */

/* Begin PBXGroup section */
		50E5D5621533FCA93E0FEC50 /* Frameworks */ = {
			isa = PBXGroup;
			children = (
				25083E84A14440A026BCA074 /* libPods-DDOCScrollPageViewDemo.a */,
			);
			name = Frameworks;
			sourceTree = "<group>";
		};
		53D1CDDA23BAEF0200D649DC = {
			isa = PBXGroup;
			children = (
				53D1CDFC23BAEF2400D649DC /* DDOCScrollPageView */,
				53D1CDE523BAEF0200D649DC /* DDOCScrollPageViewDemo */,
				53D1CDE423BAEF0200D649DC /* Products */,
				9577153954332C053B5E194E /* Pods */,
				50E5D5621533FCA93E0FEC50 /* Frameworks */,
			);
			sourceTree = "<group>";
		};
		53D1CDE423BAEF0200D649DC /* Products */ = {
			isa = PBXGroup;
			children = (
				53D1CDE323BAEF0200D649DC /* DDOCScrollPageViewDemo.app */,
			);
			name = Products;
			sourceTree = "<group>";
		};
		53D1CDE523BAEF0200D649DC /* DDOCScrollPageViewDemo */ = {
			isa = PBXGroup;
			children = (
				53D1CE6523BAF3A100D649DC /* Main.storyboard */,
				53D1CE4E23BAF2C300D649DC /* AppDelegate.h */,
				53D1CE5323BAF2C300D649DC /* AppDelegate.m */,
				53D1CE4D23BAF2C300D649DC /* TestViewController1.h */,
				53D1CE5423BAF2C300D649DC /* TestViewController1.m */,
				53D1CE4F23BAF2C300D649DC /* TestViewController2.h */,
				53D1CE5623BAF2C300D649DC /* TestViewController2.m */,
				53D1CE5B23BAF2C300D649DC /* TestViewController3.h */,
				53D1CE5723BAF2C300D649DC /* TestViewController3.m */,
				53D1CE5223BAF2C300D649DC /* ViewController.h */,
				53D1CE5523BAF2C300D649DC /* ViewController.m */,
				53D1CE5C23BAF2C400D649DC /* ViewController2.h */,
				53D1CE5123BAF2C300D649DC /* ViewController2.m */,
				53D1CE5823BAF2C300D649DC /* ViewController3.h */,
				53D1CE5A23BAF2C300D649DC /* ViewController3.m */,
				53D1CE5023BAF2C300D649DC /* ViewController4.h */,
				53D1CE5923BAF2C300D649DC /* ViewController4.m */,
				53D1CDEF23BAEF0900D649DC /* Assets.xcassets */,
				53D1CDF123BAEF0900D649DC /* LaunchScreen.storyboard */,
				53D1CDF423BAEF0900D649DC /* Info.plist */,
				53D1CDF523BAEF0900D649DC /* main.m */,
			);
			path = DDOCScrollPageViewDemo;
			sourceTree = "<group>";
		};
		53D1CDFC23BAEF2400D649DC /* DDOCScrollPageView */ = {
			isa = PBXGroup;
			children = (
				53D1CE0223BAEF3900D649DC /* DDOCScrollPageBarView.h */,
				53D1CE0923BAEF3900D649DC /* DDOCScrollPageBarView.m */,
				53D1CE0123BAEF3900D649DC /* DDOCScrollPageContainerCell.h */,
				53D1CDFE23BAEF3800D649DC /* DDOCScrollPageContainerCell.m */,
				53D1CE0823BAEF3900D649DC /* DDOCScrollPageContainerViewController.h */,
				53D1CE0623BAEF3900D649DC /* DDOCScrollPageContainerViewController.m */,
				53D1CE0723BAEF3900D649DC /* DDOCScrollPageHeader.h */,
				53D1CE0523BAEF3900D649DC /* DDOCScrollPageView.h */,
				53D1CE0423BAEF3900D649DC /* DDOCScrollPageView.m */,
				53D1CE0323BAEF3900D649DC /* DDOCScrollPageManager.h */,
				53D1CDFD23BAEF3800D649DC /* DDOCScrollPageManager.m */,
				53D1CE0023BAEF3800D649DC /* NSObject+DDOCScrollPageSafeObserverObject.h */,
				53D1CDFF23BAEF3800D649DC /* NSObject+DDOCScrollPageSafeObserverObject.m */,
			);
			path = DDOCScrollPageView;
			sourceTree = "<group>";
		};
		9577153954332C053B5E194E /* Pods */ = {
			isa = PBXGroup;
			children = (
				09E5F3E3E53897345F75B026 /* Pods-DDOCScrollPageViewDemo.debug.xcconfig */,
				C163004C71D0DF596018642C /* Pods-DDOCScrollPageViewDemo.release.xcconfig */,
			);
			path = Pods;
			sourceTree = "<group>";
		};
/* End PBXGroup section */

/* Begin PBXNativeTarget section */
		53D1CDE223BAEF0200D649DC /* DDOCScrollPageViewDemo */ = {
			isa = PBXNativeTarget;
			buildConfigurationList = 53D1CDF923BAEF0900D649DC /* Build configuration list for PBXNativeTarget "DDOCScrollPageViewDemo" */;
			buildPhases = (
				5F00C7EBB7510C0B7CB78FA5 /* [CP] Check Pods Manifest.lock */,
				53D1CDDF23BAEF0200D649DC /* Sources */,
				53D1CDE023BAEF0200D649DC /* Frameworks */,
				53D1CDE123BAEF0200D649DC /* Resources */,
			);
			buildRules = (
			);
			dependencies = (
			);
			name = DDOCScrollPageViewDemo;
			productName = DDOCScrollPageViewDemo;
			productReference = 53D1CDE323BAEF0200D649DC /* DDOCScrollPageViewDemo.app */;
			productType = "com.apple.product-type.application";
		};
/* End PBXNativeTarget section */

/* Begin PBXProject section */
		53D1CDDB23BAEF0200D649DC /* Project object */ = {
			isa = PBXProject;
			attributes = {
				LastUpgradeCheck = 1030;
				ORGANIZATIONNAME = abiaoyo;
				TargetAttributes = {
					53D1CDE223BAEF0200D649DC = {
						CreatedOnToolsVersion = 10.3;
					};
				};
			};
			buildConfigurationList = 53D1CDDE23BAEF0200D649DC /* Build configuration list for PBXProject "DDOCScrollPageViewDemo" */;
			compatibilityVersion = "Xcode 9.3";
			developmentRegion = en;
			hasScannedForEncodings = 0;
			knownRegions = (
				en,
				Base,
			);
			mainGroup = 53D1CDDA23BAEF0200D649DC;
			productRefGroup = 53D1CDE423BAEF0200D649DC /* Products */;
			projectDirPath = "";
			projectRoot = "";
			targets = (
				53D1CDE223BAEF0200D649DC /* DDOCScrollPageViewDemo */,
			);
		};
/* End PBXProject section */

/* Begin PBXResourcesBuildPhase section */
		53D1CDE123BAEF0200D649DC /* Resources */ = {
			isa = PBXResourcesBuildPhase;
			buildActionMask = 2147483647;
			files = (
				53D1CE6723BAF3A200D649DC /* Main.storyboard in Resources */,
				53D1CDF323BAEF0900D649DC /* LaunchScreen.storyboard in Resources */,
				53D1CDF023BAEF0900D649DC /* Assets.xcassets in Resources */,
			);
			runOnlyForDeploymentPostprocessing = 0;
		};
/* End PBXResourcesBuildPhase section */

/* Begin PBXShellScriptBuildPhase section */
		5F00C7EBB7510C0B7CB78FA5 /* [CP] Check Pods Manifest.lock */ = {
			isa = PBXShellScriptBuildPhase;
			buildActionMask = 2147483647;
			files = (
			);
			inputFileListPaths = (
			);
			inputPaths = (
				"${PODS_PODFILE_DIR_PATH}/Podfile.lock",
				"${PODS_ROOT}/Manifest.lock",
			);
			name = "[CP] Check Pods Manifest.lock";
			outputFileListPaths = (
			);
			outputPaths = (
				"$(DERIVED_FILE_DIR)/Pods-DDOCScrollPageViewDemo-checkManifestLockResult.txt",
			);
			runOnlyForDeploymentPostprocessing = 0;
			shellPath = /bin/sh;
			shellScript = "diff \"${PODS_PODFILE_DIR_PATH}/Podfile.lock\" \"${PODS_ROOT}/Manifest.lock\" > /dev/null\nif [ $? != 0 ] ; then\n    # print error to STDERR\n    echo \"error: The sandbox is not in sync with the Podfile.lock. Run 'pod install' or update your CocoaPods installation.\" >&2\n    exit 1\nfi\n# This output is used by Xcode 'outputs' to avoid re-running this script phase.\necho \"SUCCESS\" > \"${SCRIPT_OUTPUT_FILE_0}\"\n";
			showEnvVarsInLog = 0;
		};
/* End PBXShellScriptBuildPhase section */

/* Begin PBXSourcesBuildPhase section */
		53D1CDDF23BAEF0200D649DC /* Sources */ = {
			isa = PBXSourcesBuildPhase;
			buildActionMask = 2147483647;
			files = (
				53D1CE0F23BAEF3900D649DC /* DDOCScrollPageBarView.m in Sources */,
				53D1CE6123BAF2C400D649DC /* TestViewController2.m in Sources */,
				53D1CE0B23BAEF3900D649DC /* DDOCScrollPageContainerCell.m in Sources */,
				53D1CE5E23BAF2C400D649DC /* AppDelegate.m in Sources */,
				53D1CDF623BAEF0900D649DC /* main.m in Sources */,
				53D1CE6323BAF2C400D649DC /* ViewController4.m in Sources */,
				53D1CE6223BAF2C400D649DC /* TestViewController3.m in Sources */,
				53D1CE5F23BAF2C400D649DC /* TestViewController1.m in Sources */,
				53D1CE6023BAF2C400D649DC /* ViewController.m in Sources */,
				53D1CE0A23BAEF3900D649DC /* DDOCScrollPageManager.m in Sources */,
				53D1CE0D23BAEF3900D649DC /* DDOCScrollPageView.m in Sources */,
				53D1CE5D23BAF2C400D649DC /* ViewController2.m in Sources */,
				53D1CE0E23BAEF3900D649DC /* DDOCScrollPageContainerViewController.m in Sources */,
				53D1CE0C23BAEF3900D649DC /* NSObject+DDOCScrollPageSafeObserverObject.m in Sources */,
				53D1CE6423BAF2C400D649DC /* ViewController3.m in Sources */,
			);
			runOnlyForDeploymentPostprocessing = 0;
		};
/* End PBXSourcesBuildPhase section */

/* Begin PBXVariantGroup section */
		53D1CDF123BAEF0900D649DC /* LaunchScreen.storyboard */ = {
			isa = PBXVariantGroup;
			children = (
				53D1CDF223BAEF0900D649DC /* Base */,
			);
			name = LaunchScreen.storyboard;
			sourceTree = "<group>";
		};
		53D1CE6523BAF3A100D649DC /* Main.storyboard */ = {
			isa = PBXVariantGroup;
			children = (
				53D1CE6623BAF3A200D649DC /* Base */,
			);
			name = Main.storyboard;
			sourceTree = "<group>";
		};
/* End PBXVariantGroup section */

/* Begin XCBuildConfiguration section */
		53D1CDF723BAEF0900D649DC /* Debug */ = {
			isa = XCBuildConfiguration;
			buildSettings = {
				ALWAYS_SEARCH_USER_PATHS = NO;
				CLANG_ANALYZER_NONNULL = YES;
				CLANG_ANALYZER_NUMBER_OBJECT_CONVERSION = YES_AGGRESSIVE;
				CLANG_CXX_LANGUAGE_STANDARD = "gnu++14";
				CLANG_CXX_LIBRARY = "libc++";
				CLANG_ENABLE_MODULES = YES;
				CLANG_ENABLE_OBJC_ARC = YES;
				CLANG_ENABLE_OBJC_WEAK = YES;
				CLANG_WARN_BLOCK_CAPTURE_AUTORELEASING = YES;
				CLANG_WARN_BOOL_CONVERSION = YES;
				CLANG_WARN_COMMA = YES;
				CLANG_WARN_CONSTANT_CONVERSION = YES;
				CLANG_WARN_DEPRECATED_OBJC_IMPLEMENTATIONS = YES;
				CLANG_WARN_DIRECT_OBJC_ISA_USAGE = YES_ERROR;
				CLANG_WARN_DOCUMENTATION_COMMENTS = YES;
				CLANG_WARN_EMPTY_BODY = YES;
				CLANG_WARN_ENUM_CONVERSION = YES;
				CLANG_WARN_INFINITE_RECURSION = YES;
				CLANG_WARN_INT_CONVERSION = YES;
				CLANG_WARN_NON_LITERAL_NULL_CONVERSION = YES;
				CLANG_WARN_OBJC_IMPLICIT_RETAIN_SELF = YES;
				CLANG_WARN_OBJC_LITERAL_CONVERSION = YES;
				CLANG_WARN_OBJC_ROOT_CLASS = YES_ERROR;
				CLANG_WARN_RANGE_LOOP_ANALYSIS = YES;
				CLANG_WARN_STRICT_PROTOTYPES = YES;
				CLANG_WARN_SUSPICIOUS_MOVE = YES;
				CLANG_WARN_UNGUARDED_AVAILABILITY = YES_AGGRESSIVE;
				CLANG_WARN_UNREACHABLE_CODE = YES;
				CLANG_WARN__DUPLICATE_METHOD_MATCH = YES;
				CODE_SIGN_IDENTITY = "iPhone Developer";
				COPY_PHASE_STRIP = NO;
				DEBUG_INFORMATION_FORMAT = dwarf;
				ENABLE_STRICT_OBJC_MSGSEND = YES;
				ENABLE_TESTABILITY = YES;
				GCC_C_LANGUAGE_STANDARD = gnu11;
				GCC_DYNAMIC_NO_PIC = NO;
				GCC_NO_COMMON_BLOCKS = YES;
				GCC_OPTIMIZATION_LEVEL = 0;
				GCC_PREPROCESSOR_DEFINITIONS = (
					"DEBUG=1",
					"$(inherited)",
				);
				GCC_WARN_64_TO_32_BIT_CONVERSION = YES;
				GCC_WARN_ABOUT_RETURN_TYPE = YES_ERROR;
				GCC_WARN_UNDECLARED_SELECTOR = YES;
				GCC_WARN_UNINITIALIZED_AUTOS = YES_AGGRESSIVE;
				GCC_WARN_UNUSED_FUNCTION = YES;
				GCC_WARN_UNUSED_VARIABLE = YES;
				IPHONEOS_DEPLOYMENT_TARGET = 12.4;
				MTL_ENABLE_DEBUG_INFO = INCLUDE_SOURCE;
				MTL_FAST_MATH = YES;
				ONLY_ACTIVE_ARCH = YES;
				SDKROOT = iphoneos;
			};
			name = Debug;
		};
		53D1CDF823BAEF0900D649DC /* Release */ = {
			isa = XCBuildConfiguration;
			buildSettings = {
				ALWAYS_SEARCH_USER_PATHS = NO;
				CLANG_ANALYZER_NONNULL = YES;
				CLANG_ANALYZER_NUMBER_OBJECT_CONVERSION = YES_AGGRESSIVE;
				CLANG_CXX_LANGUAGE_STANDARD = "gnu++14";
				CLANG_CXX_LIBRARY = "libc++";
				CLANG_ENABLE_MODULES = YES;
				CLANG_ENABLE_OBJC_ARC = YES;
				CLANG_ENABLE_OBJC_WEAK = YES;
				CLANG_WARN_BLOCK_CAPTURE_AUTORELEASING = YES;
				CLANG_WARN_BOOL_CONVERSION = YES;
				CLANG_WARN_COMMA = YES;
				CLANG_WARN_CONSTANT_CONVERSION = YES;
				CLANG_WARN_DEPRECATED_OBJC_IMPLEMENTATIONS = YES;
				CLANG_WARN_DIRECT_OBJC_ISA_USAGE = YES_ERROR;
				CLANG_WARN_DOCUMENTATION_COMMENTS = YES;
				CLANG_WARN_EMPTY_BODY = YES;
				CLANG_WARN_ENUM_CONVERSION = YES;
				CLANG_WARN_INFINITE_RECURSION = YES;
				CLANG_WARN_INT_CONVERSION = YES;
				CLANG_WARN_NON_LITERAL_NULL_CONVERSION = YES;
				CLANG_WARN_OBJC_IMPLICIT_RETAIN_SELF = YES;
				CLANG_WARN_OBJC_LITERAL_CONVERSION = YES;
				CLANG_WARN_OBJC_ROOT_CLASS = YES_ERROR;
				CLANG_WARN_RANGE_LOOP_ANALYSIS = YES;
				CLANG_WARN_STRICT_PROTOTYPES = YES;
				CLANG_WARN_SUSPICIOUS_MOVE = YES;
				CLANG_WARN_UNGUARDED_AVAILABILITY = YES_AGGRESSIVE;
				CLANG_WARN_UNREACHABLE_CODE = YES;
				CLANG_WARN__DUPLICATE_METHOD_MATCH = YES;
				CODE_SIGN_IDENTITY = "iPhone Developer";
				COPY_PHASE_STRIP = NO;
				DEBUG_INFORMATION_FORMAT = "dwarf-with-dsym";
				ENABLE_NS_ASSERTIONS = NO;
				ENABLE_STRICT_OBJC_MSGSEND = YES;
				GCC_C_LANGUAGE_STANDARD = gnu11;
				GCC_NO_COMMON_BLOCKS = YES;
				GCC_WARN_64_TO_32_BIT_CONVERSION = YES;
				GCC_WARN_ABOUT_RETURN_TYPE = YES_ERROR;
				GCC_WARN_UNDECLARED_SELECTOR = YES;
				GCC_WARN_UNINITIALIZED_AUTOS = YES_AGGRESSIVE;
				GCC_WARN_UNUSED_FUNCTION = YES;
				GCC_WARN_UNUSED_VARIABLE = YES;
				IPHONEOS_DEPLOYMENT_TARGET = 12.4;
				MTL_ENABLE_DEBUG_INFO = NO;
				MTL_FAST_MATH = YES;
				SDKROOT = iphoneos;
				VALIDATE_PRODUCT = YES;
			};
			name = Release;
		};
		53D1CDFA23BAEF0900D649DC /* Debug */ = {
			isa = XCBuildConfiguration;
			baseConfigurationReference = 09E5F3E3E53897345F75B026 /* Pods-DDOCScrollPageViewDemo.debug.xcconfig */;
			buildSettings = {
				ASSETCATALOG_COMPILER_APPICON_NAME = AppIcon;
				CODE_SIGN_STYLE = Automatic;
				DEVELOPMENT_TEAM = X77K95YFU8;
				INFOPLIST_FILE = DDOCScrollPageViewDemo/Info.plist;
				LD_RUNPATH_SEARCH_PATHS = (
					"$(inherited)",
					"@executable_path/Frameworks",
				);
				PRODUCT_BUNDLE_IDENTIFIER = com.abiaoyo.DDOCScrollPageViewDemo;
				PRODUCT_NAME = "$(TARGET_NAME)";
				TARGETED_DEVICE_FAMILY = "1,2";
			};
			name = Debug;
		};
		53D1CDFB23BAEF0900D649DC /* Release */ = {
			isa = XCBuildConfiguration;
			baseConfigurationReference = C163004C71D0DF596018642C /* Pods-DDOCScrollPageViewDemo.release.xcconfig */;
			buildSettings = {
				ASSETCATALOG_COMPILER_APPICON_NAME = AppIcon;
				CODE_SIGN_STYLE = Automatic;
				DEVELOPMENT_TEAM = X77K95YFU8;
				INFOPLIST_FILE = DDOCScrollPageViewDemo/Info.plist;
				LD_RUNPATH_SEARCH_PATHS = (
					"$(inherited)",
					"@executable_path/Frameworks",
				);
				PRODUCT_BUNDLE_IDENTIFIER = com.abiaoyo.DDOCScrollPageViewDemo;
				PRODUCT_NAME = "$(TARGET_NAME)";
				TARGETED_DEVICE_FAMILY = "1,2";
			};
			name = Release;
		};
/* End XCBuildConfiguration section */

/* Begin XCConfigurationList section */
		53D1CDDE23BAEF0200D649DC /* Build configuration list for PBXProject "DDOCScrollPageViewDemo" */ = {
			isa = XCConfigurationList;
			buildConfigurations = (
				53D1CDF723BAEF0900D649DC /* Debug */,
				53D1CDF823BAEF0900D649DC /* Release */,
			);
			defaultConfigurationIsVisible = 0;
			defaultConfigurationName = Release;
		};
		53D1CDF923BAEF0900D649DC /* Build configuration list for PBXNativeTarget "DDOCScrollPageViewDemo" */ = {
			isa = XCConfigurationList;
			buildConfigurations = (
				53D1CDFA23BAEF0900D649DC /* Debug */,
				53D1CDFB23BAEF0900D649DC /* Release */,
			);
			defaultConfigurationIsVisible = 0;
			defaultConfigurationName = Release;
		};
/* End XCConfigurationList section */
	};
	rootObject = 53D1CDDB23BAEF0200D649DC /* Project object */;
}
